
Microsoft Visual Studio Solution File, Format Version 12.00
# Visual Studio Version 16
VisualStudioVersion = 16.0.32126.315
MinimumVisualStudioVersion = 10.0.40219.1
Project("{9A19103F-16F7-4668-BE54-9A1E7A4F7556}") = "DataAccess", "DataAccess\DataAccess.csproj", "{36278DE3-5862-4BEB-866D-36B9A9450E6C}"
EndProject
Project("{9A19103F-16F7-4668-BE54-9A1E7A4F7556}") = "Business", "Business\Business.csproj", "{614740A8-C82C-4BD1-B322-F5DBEAF60F96}"
EndProject
Project("{9A19103F-16F7-4668-BE54-9A1E7A4F7556}") = "Entities", "Entities\Entities.csproj", "{27E2B444-E0F0-45AE-B4E2-0E8C81BAFADF}"
EndProject
Project("{9A19103F-16F7-4668-BE54-9A1E7A4F7556}") = "ConsoleUI", "ConsoleUİ\ConsoleUI.csproj", "{07044568-92F7-48D2-96A8-5AEAE44FB7EB}"
EndProject
Project("{9A19103F-16F7-4668-BE54-9A1E7A4F7556}") = "Core", "Core\Core.csproj", "{283D8AF0-ED7F-4C7C-837C-DA8CFDB11468}"
EndProject
Project("{FAE04EC0-301F-11D3-BF4B-00C04F79EFBC}") = "WebAPI", "WebAPI\WebAPI.csproj", "{14E07324-8F72-4730-9215-3D0038C90F24}"
EndProject
Global
	GlobalSection(SolutionConfigurationPlatforms) = preSolution
		Debug|Any CPU = Debug|Any CPU
		Release|Any CPU = Release|Any CPU
	EndGlobalSection
	GlobalSection(ProjectConfigurationPlatforms) = postSolution
		{36278DE3-5862-4BEB-866D-36B9A9450E6C}.Debug|Any CPU.ActiveCfg = Debug|Any CPU
		{36278DE3-5862-4BEB-866D-36B9A9450E6C}.Debug|Any CPU.Build.0 = Debug|Any CPU
		{36278DE3-5862-4BEB-866D-36B9A9450E6C}.Release|Any CPU.ActiveCfg = Release|Any CPU
		{36278DE3-5862-4BEB-866D-36B9A9450E6C}.Release|Any CPU.Build.0 = Release|Any CPU
		{614740A8-C82C-4BD1-B322-F5DBEAF60F96}.Debug|Any CPU.ActiveCfg = Debug|Any CPU
		{614740A8-C82C-4BD1-B322-F5DBEAF60F96}.Debug|Any CPU.Build.0 = Debug|Any CPU
		{614740A8-C82C-4BD1-B322-F5DBEAF60F96}.Release|Any CPU.ActiveCfg = Release|Any CPU
		{614740A8-C82C-4BD1-B322-F5DBEAF60F96}.Release|Any CPU.Build.0 = Release|Any CPU
		{27E2B444-E0F0-45AE-B4E2-0E8C81BAFADF}.Debug|Any CPU.ActiveCfg = Debug|Any CPU
		{27E2B444-E0F0-45AE-B4E2-0E8C81BAFADF}.Debug|Any CPU.Build.0 = Debug|Any CPU
		{27E2B444-E0F0-45AE-B4E2-0E8C81BAFADF}.Release|Any CPU.ActiveCfg = Release|Any CPU
		{27E2B444-E0F0-45AE-B4E2-0E8C81BAFADF}.Release|Any CPU.Build.0 = Release|Any CPU
		{07044568-92F7-48D2-96A8-5AEAE44FB7EB}.Debug|Any CPU.ActiveCfg = Debug|Any CPU
		{07044568-92F7-48D2-96A8-5AEAE44FB7EB}.Debug|Any CPU.Build.0 = Debug|Any CPU
		{07044568-92F7-48D2-96A8-5AEAE44FB7EB}.Release|Any CPU.ActiveCfg = Release|Any CPU
		{07044568-92F7-48D2-96A8-5AEAE44FB7EB}.Release|Any CPU.Build.0 = Release|Any CPU
		{283D8AF0-ED7F-4C7C-837C-DA8CFDB11468}.Debug|Any CPU.ActiveCfg = Debug|Any CPU
		{283D8AF0-ED7F-4C7C-837C-DA8CFDB11468}.Debug|Any CPU.Build.0 = Debug|Any CPU
		{283D8AF0-ED7F-4C7C-837C-DA8CFDB11468}.Release|Any CPU.ActiveCfg = Release|Any CPU
		{283D8AF0-ED7F-4C7C-837C-DA8CFDB11468}.Release|Any CPU.Build.0 = Release|Any CPU
		{14E07324-8F72-4730-9215-3D0038C90F24}.Debug|Any CPU.ActiveCfg = Debug|Any CPU
		{14E07324-8F72-4730-9215-3D0038C90F24}.Debug|Any CPU.Build.0 = Debug|Any CPU
		{14E07324-8F72-4730-9215-3D0038C90F24}.Release|Any CPU.ActiveCfg = Release|Any CPU
		{14E07324-8F72-4730-9215-3D0038C90F24}.Release|Any CPU.Build.0 = Release|Any CPU
	EndGlobalSection
	GlobalSection(SolutionProperties) = preSolution
		HideSolutionNode = FALSE
	EndGlobalSection
	GlobalSection(ExtensibilityGlobals) = postSolution
		SolutionGuid = {D3A33201-A644-4660-B6DF-3C758AB0F976}
	EndGlobalSection
EndGlobal
